
Microsoft Visual Studio Solution File, Format Version 12.00
# Visual Studio Version 17
VisualStudioVersion = 17.3.32901.215
MinimumVisualStudioVersion = 10.0.40219.1
Project("{9A19103F-16F7-4668-BE54-9A1E7A4F7556}") = "BookMaintainCore", "BookMaintainCore\BookMaintainCore.csproj", "{0DB48C32-525C-4546-B85D-CE31018AC7A7}"
EndProject
Project("{9A19103F-16F7-4668-BE54-9A1E7A4F7556}") = "bookMaintain.Model", "bookMaintain.Model\bookMaintain.Model.csproj", "{F4FC4204-5A70-47F8-8754-5227BE6C2C05}"
EndProject
Project("{9A19103F-16F7-4668-BE54-9A1E7A4F7556}") = "bookMaintain.Common", "bookMaintain.Common\bookMaintain.Common.csproj", "{7850490C-693C-429A-9E19-5B5CDB5A0D53}"
EndProject
Project("{9A19103F-16F7-4668-BE54-9A1E7A4F7556}") = "bookMaintain.Dao", "bookMaintain.Dao\bookMaintain.Dao.csproj", "{C1B7B40D-9CF9-4496-9B33-53DC240CE0FF}"
EndProject
Project("{9A19103F-16F7-4668-BE54-9A1E7A4F7556}") = "bookMaintain.Service", "bookMaintain.Service\bookMaintain.Service.csproj", "{7616A564-6B1C-4D12-BA83-4A1BF2531DF6}"
EndProject
Global
	GlobalSection(SolutionConfigurationPlatforms) = preSolution
		Debug|Any CPU = Debug|Any CPU
		Release|Any CPU = Release|Any CPU
	EndGlobalSection
	GlobalSection(ProjectConfigurationPlatforms) = postSolution
		{0DB48C32-525C-4546-B85D-CE31018AC7A7}.Debug|Any CPU.ActiveCfg = Debug|Any CPU
		{0DB48C32-525C-4546-B85D-CE31018AC7A7}.Debug|Any CPU.Build.0 = Debug|Any CPU
		{0DB48C32-525C-4546-B85D-CE31018AC7A7}.Release|Any CPU.ActiveCfg = Release|Any CPU
		{0DB48C32-525C-4546-B85D-CE31018AC7A7}.Release|Any CPU.Build.0 = Release|Any CPU
		{F4FC4204-5A70-47F8-8754-5227BE6C2C05}.Debug|Any CPU.ActiveCfg = Debug|Any CPU
		{F4FC4204-5A70-47F8-8754-5227BE6C2C05}.Debug|Any CPU.Build.0 = Debug|Any CPU
		{F4FC4204-5A70-47F8-8754-5227BE6C2C05}.Release|Any CPU.ActiveCfg = Release|Any CPU
		{F4FC4204-5A70-47F8-8754-5227BE6C2C05}.Release|Any CPU.Build.0 = Release|Any CPU
		{7850490C-693C-429A-9E19-5B5CDB5A0D53}.Debug|Any CPU.ActiveCfg = Debug|Any CPU
		{7850490C-693C-429A-9E19-5B5CDB5A0D53}.Debug|Any CPU.Build.0 = Debug|Any CPU
		{7850490C-693C-429A-9E19-5B5CDB5A0D53}.Release|Any CPU.ActiveCfg = Release|Any CPU
		{7850490C-693C-429A-9E19-5B5CDB5A0D53}.Release|Any CPU.Build.0 = Release|Any CPU
		{C1B7B40D-9CF9-4496-9B33-53DC240CE0FF}.Debug|Any CPU.ActiveCfg = Debug|Any CPU
		{C1B7B40D-9CF9-4496-9B33-53DC240CE0FF}.Debug|Any CPU.Build.0 = Debug|Any CPU
		{C1B7B40D-9CF9-4496-9B33-53DC240CE0FF}.Release|Any CPU.ActiveCfg = Release|Any CPU
		{C1B7B40D-9CF9-4496-9B33-53DC240CE0FF}.Release|Any CPU.Build.0 = Release|Any CPU
		{7616A564-6B1C-4D12-BA83-4A1BF2531DF6}.Debug|Any CPU.ActiveCfg = Debug|Any CPU
		{7616A564-6B1C-4D12-BA83-4A1BF2531DF6}.Debug|Any CPU.Build.0 = Debug|Any CPU
		{7616A564-6B1C-4D12-BA83-4A1BF2531DF6}.Release|Any CPU.ActiveCfg = Release|Any CPU
		{7616A564-6B1C-4D12-BA83-4A1BF2531DF6}.Release|Any CPU.Build.0 = Release|Any CPU
	EndGlobalSection
	GlobalSection(SolutionProperties) = preSolution
		HideSolutionNode = FALSE
	EndGlobalSection
	GlobalSection(ExtensibilityGlobals) = postSolution
		SolutionGuid = {AAD39817-5D89-4C2E-AE26-3D5B6B9B12C6}
	EndGlobalSection
EndGlobal
